// !$*UTF8*$!
{
	archiveVersion = 1;
	classes = {
	};
	objectVersion = 48;
	objects = {

/* Begin PBXBuildFile section */
		841D562B2010FFF9008531C4 /* bryan-goff-360297.jpg in Resources */ = {isa = PBXBuildFile; fileRef = 841D562A2010FFF9008531C4 /* bryan-goff-360297.jpg */; };
		841D562E20110039008531C4 /* TransitionViewController.swift in Sources */ = {isa = PBXBuildFile; fileRef = 841D562D20110039008531C4 /* TransitionViewController.swift */; };
		841D5631201100F9008531C4 /* PopTransition.swift in Sources */ = {isa = PBXBuildFile; fileRef = 841D5630201100F9008531C4 /* PopTransition.swift */; };
		8431FBE12010F0F5008E9C5C /* LoadingViewController.swift in Sources */ = {isa = PBXBuildFile; fileRef = 8431FBE02010F0F5008E9C5C /* LoadingViewController.swift */; };
		848B0F8F200FA6AD00802326 /* AppDelegate.swift in Sources */ = {isa = PBXBuildFile; fileRef = 848B0F8E200FA6AD00802326 /* AppDelegate.swift */; };
		848B0F91200FA6AE00802326 /* FieldViewController.swift in Sources */ = {isa = PBXBuildFile; fileRef = 848B0F90200FA6AE00802326 /* FieldViewController.swift */; };
		848B0F93200FA6AE00802326 /* AcrossViewController.swift in Sources */ = {isa = PBXBuildFile; fileRef = 848B0F92200FA6AE00802326 /* AcrossViewController.swift */; };
		848B0F96200FA6AE00802326 /* Main.storyboard in Resources */ = {isa = PBXBuildFile; fileRef = 848B0F94200FA6AE00802326 /* Main.storyboard */; };
		848B0F98200FA6AE00802326 /* Assets.xcassets in Resources */ = {isa = PBXBuildFile; fileRef = 848B0F97200FA6AE00802326 /* Assets.xcassets */; };
		848B0F9B200FA6AE00802326 /* LaunchScreen.storyboard in Resources */ = {isa = PBXBuildFile; fileRef = 848B0F99200FA6AE00802326 /* LaunchScreen.storyboard */; };
/* End PBXBuildFile section */

/* Begin PBXFileReference section */
		841D562A2010FFF9008531C4 /* bryan-goff-360297.jpg */ = {isa = PBXFileReference; lastKnownFileType = image.jpeg; path = "bryan-goff-360297.jpg"; sourceTree = "<group>"; };
		841D562D20110039008531C4 /* TransitionViewController.swift */ = {isa = PBXFileReference; lastKnownFileType = sourcecode.swift; path = TransitionViewController.swift; sourceTree = "<group>"; };
		841D5630201100F9008531C4 /* PopTransition.swift */ = {isa = PBXFileReference; lastKnownFileType = sourcecode.swift; path = PopTransition.swift; sourceTree = "<group>"; };
		8431FBE02010F0F5008E9C5C /* LoadingViewController.swift */ = {isa = PBXFileReference; lastKnownFileType = sourcecode.swift; path = LoadingViewController.swift; sourceTree = "<group>"; };
		848B0F8B200FA6AD00802326 /* Animations.app */ = {isa = PBXFileReference; explicitFileType = wrapper.application; includeInIndex = 0; path = Animations.app; sourceTree = BUILT_PRODUCTS_DIR; };
		848B0F8E200FA6AD00802326 /* AppDelegate.swift */ = {isa = PBXFileReference; lastKnownFileType = sourcecode.swift; path = AppDelegate.swift; sourceTree = "<group>"; };
		848B0F90200FA6AE00802326 /* FieldViewController.swift */ = {isa = PBXFileReference; lastKnownFileType = sourcecode.swift; path = FieldViewController.swift; sourceTree = "<group>"; };
		848B0F92200FA6AE00802326 /* AcrossViewController.swift */ = {isa = PBXFileReference; lastKnownFileType = sourcecode.swift; path = AcrossViewController.swift; sourceTree = "<group>"; };
		848B0F95200FA6AE00802326 /* Base */ = {isa = PBXFileReference; lastKnownFileType = file.storyboard; name = Base; path = Base.lproj/Main.storyboard; sourceTree = "<group>"; };
		848B0F97200FA6AE00802326 /* Assets.xcassets */ = {isa = PBXFileReference; lastKnownFileType = folder.assetcatalog; path = Assets.xcassets; sourceTree = "<group>"; };
		848B0F9A200FA6AE00802326 /* Base */ = {isa = PBXFileReference; lastKnownFileType = file.storyboard; name = Base; path = Base.lproj/LaunchScreen.storyboard; sourceTree = "<group>"; };
		848B0F9C200FA6AE00802326 /* Info.plist */ = {isa = PBXFileReference; lastKnownFileType = text.plist.xml; path = Info.plist; sourceTree = "<group>"; };
/* End PBXFileReference section */

/* Begin PBXFrameworksBuildPhase section */
		848B0F88200FA6AD00802326 /* Frameworks */ = {
			isa = PBXFrameworksBuildPhase;
			buildActionMask = 2147483647;
			files = (
			);
			runOnlyForDeploymentPostprocessing = 0;
		};
/* End PBXFrameworksBuildPhase section */

/* Begin PBXGroup section */
		841D562C2010FFFD008531C4 /* Transitions Pics */ = {
			isa = PBXGroup;
			children = (
				841D562A2010FFF9008531C4 /* bryan-goff-360297.jpg */,
			);
			path = "Transitions Pics";
			sourceTree = "<group>";
		};
		841D562F201100D8008531C4 /* Transitions */ = {
			isa = PBXGroup;
			children = (
				841D5630201100F9008531C4 /* PopTransition.swift */,
			);
			path = Transitions;
			sourceTree = "<group>";
		};
		8431FBE22010FF05008E9C5C /* ViewController */ = {
			isa = PBXGroup;
			children = (
				848B0F90200FA6AE00802326 /* FieldViewController.swift */,
				848B0F92200FA6AE00802326 /* AcrossViewController.swift */,
				8431FBE02010F0F5008E9C5C /* LoadingViewController.swift */,
				841D562D20110039008531C4 /* TransitionViewController.swift */,
			);
			path = ViewController;
			sourceTree = "<group>";
		};
		848B0F82200FA6AD00802326 = {
			isa = PBXGroup;
			children = (
				848B0F8D200FA6AD00802326 /* Animations */,
				848B0F8C200FA6AD00802326 /* Products */,
			);
			sourceTree = "<group>";
		};
		848B0F8C200FA6AD00802326 /* Products */ = {
			isa = PBXGroup;
			children = (
				848B0F8B200FA6AD00802326 /* Animations.app */,
			);
			name = Products;
			sourceTree = "<group>";
		};
		848B0F8D200FA6AD00802326 /* Animations */ = {
			isa = PBXGroup;
			children = (
				848B0F8E200FA6AD00802326 /* AppDelegate.swift */,
				8431FBE22010FF05008E9C5C /* ViewController */,
				841D562C2010FFFD008531C4 /* Transitions Pics */,
				841D562F201100D8008531C4 /* Transitions */,
				848B0F94200FA6AE00802326 /* Main.storyboard */,
				848B0F97200FA6AE00802326 /* Assets.xcassets */,
				848B0F99200FA6AE00802326 /* LaunchScreen.storyboard */,
				848B0F9C200FA6AE00802326 /* Info.plist */,
			);
			path = Animations;
			sourceTree = "<group>";
		};
/* End PBXGroup section */

/* Begin PBXNativeTarget section */
		848B0F8A200FA6AD00802326 /* Animations */ = {
			isa = PBXNativeTarget;
			buildConfigurationList = 848B0F9F200FA6AE00802326 /* Build configuration list for PBXNativeTarget "Animations" */;
			buildPhases = (
				848B0F87200FA6AD00802326 /* Sources */,
				848B0F88200FA6AD00802326 /* Frameworks */,
				848B0F89200FA6AD00802326 /* Resources */,
			);
			buildRules = (
			);
			dependencies = (
			);
			name = Animations;
			productName = Animations;
			productReference = 848B0F8B200FA6AD00802326 /* Animations.app */;
			productType = "com.apple.product-type.application";
		};
/* End PBXNativeTarget section */

/* Begin PBXProject section */
		848B0F83200FA6AD00802326 /* Project object */ = {
			isa = PBXProject;
			attributes = {
				LastSwiftUpdateCheck = 0920;
				LastUpgradeCheck = 0920;
				ORGANIZATIONNAME = ahmednader;
				TargetAttributes = {
					848B0F8A200FA6AD00802326 = {
						CreatedOnToolsVersion = 9.2;
						ProvisioningStyle = Automatic;
					};
				};
			};
			buildConfigurationList = 848B0F86200FA6AD00802326 /* Build configuration list for PBXProject "Animations" */;
			compatibilityVersion = "Xcode 8.0";
			developmentRegion = en;
			hasScannedForEncodings = 0;
			knownRegions = (
				en,
				Base,
			);
			mainGroup = 848B0F82200FA6AD00802326;
			productRefGroup = 848B0F8C200FA6AD00802326 /* Products */;
			projectDirPath = "";
			projectRoot = "";
			targets = (
				848B0F8A200FA6AD00802326 /* Animations */,
			);
		};
/* End PBXProject section */

/* Begin PBXResourcesBuildPhase section */
		848B0F89200FA6AD00802326 /* Resources */ = {
			isa = PBXResourcesBuildPhase;
			buildActionMask = 2147483647;
			files = (
				848B0F9B200FA6AE00802326 /* LaunchScreen.storyboard in Resources */,
				848B0F98200FA6AE00802326 /* Assets.xcassets in Resources */,
				848B0F96200FA6AE00802326 /* Main.storyboard in Resources */,
				841D562B2010FFF9008531C4 /* bryan-goff-360297.jpg in Resources */,
			);
			runOnlyForDeploymentPostprocessing = 0;
		};
/* End PBXResourcesBuildPhase section */

/* Begin PBXSourcesBuildPhase section */
		848B0F87200FA6AD00802326 /* Sources */ = {
			isa = PBXSourcesBuildPhase;
			buildActionMask = 2147483647;
			files = (
				848B0F93200FA6AE00802326 /* AcrossViewController.swift in Sources */,
				848B0F8F200FA6AD00802326 /* AppDelegate.swift in Sources */,
				848B0F91200FA6AE00802326 /* FieldViewController.swift in Sources */,
				841D562E20110039008531C4 /* TransitionViewController.swift in Sources */,
				841D5631201100F9008531C4 /* PopTransition.swift in Sources */,
				8431FBE12010F0F5008E9C5C /* LoadingViewController.swift in Sources */,
			);
			runOnlyForDeploymentPostprocessing = 0;
		};
/* End PBXSourcesBuildPhase section */

/* Begin PBXVariantGroup section */
		848B0F94200FA6AE00802326 /* Main.storyboard */ = {
			isa = PBXVariantGroup;
			children = (
				848B0F95200FA6AE00802326 /* Base */,
			);
			name = Main.storyboard;
			sourceTree = "<group>";
		};
		848B0F99200FA6AE00802326 /* LaunchScreen.storyboard */ = {
			isa = PBXVariantGroup;
			children = (
				848B0F9A200FA6AE00802326 /* Base */,
			);
			name = LaunchScreen.storyboard;
			sourceTree = "<group>";
		};
/* End PBXVariantGroup section */

/* Begin XCBuildConfiguration section */
		848B0F9D200FA6AE00802326 /* Debug */ = {
			isa = XCBuildConfiguration;
			buildSettings = {
				ALWAYS_SEARCH_USER_PATHS = NO;
				CLANG_ANALYZER_NONNULL = YES;
				CLANG_ANALYZER_NUMBER_OBJECT_CONVERSION = YES_AGGRESSIVE;
				CLANG_CXX_LANGUAGE_STANDARD = "gnu++14";
				CLANG_CXX_LIBRARY = "libc++";
				CLANG_ENABLE_MODULES = YES;
				CLANG_ENABLE_OBJC_ARC = YES;
				CLANG_WARN_BLOCK_CAPTURE_AUTORELEASING = YES;
				CLANG_WARN_BOOL_CONVERSION = YES;
				CLANG_WARN_COMMA = YES;
				CLANG_WARN_CONSTANT_CONVERSION = YES;
				CLANG_WARN_DIRECT_OBJC_ISA_USAGE = YES_ERROR;
				CLANG_WARN_DOCUMENTATION_COMMENTS = YES;
				CLANG_WARN_EMPTY_BODY = YES;
				CLANG_WARN_ENUM_CONVERSION = YES;
				CLANG_WARN_INFINITE_RECURSION = YES;
				CLANG_WARN_INT_CONVERSION = YES;
				CLANG_WARN_NON_LITERAL_NULL_CONVERSION = YES;
				CLANG_WARN_OBJC_LITERAL_CONVERSION = YES;
				CLANG_WARN_OBJC_ROOT_CLASS = YES_ERROR;
				CLANG_WARN_RANGE_LOOP_ANALYSIS = YES;
				CLANG_WARN_STRICT_PROTOTYPES = YES;
				CLANG_WARN_SUSPICIOUS_MOVE = YES;
				CLANG_WARN_UNGUARDED_AVAILABILITY = YES_AGGRESSIVE;
				CLANG_WARN_UNREACHABLE_CODE = YES;
				CLANG_WARN__DUPLICATE_METHOD_MATCH = YES;
				CODE_SIGN_IDENTITY = "iPhone Developer";
				COPY_PHASE_STRIP = NO;
				DEBUG_INFORMATION_FORMAT = dwarf;
				ENABLE_STRICT_OBJC_MSGSEND = YES;
				ENABLE_TESTABILITY = YES;
				GCC_C_LANGUAGE_STANDARD = gnu11;
				GCC_DYNAMIC_NO_PIC = NO;
				GCC_NO_COMMON_BLOCKS = YES;
				GCC_OPTIMIZATION_LEVEL = 0;
				GCC_PREPROCESSOR_DEFINITIONS = (
					"DEBUG=1",
					"$(inherited)",
				);
				GCC_WARN_64_TO_32_BIT_CONVERSION = YES;
				GCC_WARN_ABOUT_RETURN_TYPE = YES_ERROR;
				GCC_WARN_UNDECLARED_SELECTOR = YES;
				GCC_WARN_UNINITIALIZED_AUTOS = YES_AGGRESSIVE;
				GCC_WARN_UNUSED_FUNCTION = YES;
				GCC_WARN_UNUSED_VARIABLE = YES;
				IPHONEOS_DEPLOYMENT_TARGET = 11.2;
				MTL_ENABLE_DEBUG_INFO = YES;
				ONLY_ACTIVE_ARCH = YES;
				SDKROOT = iphoneos;
				SWIFT_ACTIVE_COMPILATION_CONDITIONS = DEBUG;
				SWIFT_OPTIMIZATION_LEVEL = "-Onone";
			};
			name = Debug;
		};
		848B0F9E200FA6AE00802326 /* Release */ = {
			isa = XCBuildConfiguration;
			buildSettings = {
				ALWAYS_SEARCH_USER_PATHS = NO;
				CLANG_ANALYZER_NONNULL = YES;
				CLANG_ANALYZER_NUMBER_OBJECT_CONVERSION = YES_AGGRESSIVE;
				CLANG_CXX_LANGUAGE_STANDARD = "gnu++14";
				CLANG_CXX_LIBRARY = "libc++";
				CLANG_ENABLE_MODULES = YES;
				CLANG_ENABLE_OBJC_ARC = YES;
				CLANG_WARN_BLOCK_CAPTURE_AUTORELEASING = YES;
				CLANG_WARN_BOOL_CONVERSION = YES;
				CLANG_WARN_COMMA = YES;
				CLANG_WARN_CONSTANT_CONVERSION = YES;
				CLANG_WARN_DIRECT_OBJC_ISA_USAGE = YES_ERROR;
				CLANG_WARN_DOCUMENTATION_COMMENTS = YES;
				CLANG_WARN_EMPTY_BODY = YES;
				CLANG_WARN_ENUM_CONVERSION = YES;
				CLANG_WARN_INFINITE_RECURSION = YES;
				CLANG_WARN_INT_CONVERSION = YES;
				CLANG_WARN_NON_LITERAL_NULL_CONVERSION = YES;
				CLANG_WARN_OBJC_LITERAL_CONVERSION = YES;
				CLANG_WARN_OBJC_ROOT_CLASS = YES_ERROR;
				CLANG_WARN_RANGE_LOOP_ANALYSIS = YES;
				CLANG_WARN_STRICT_PROTOTYPES = YES;
				CLANG_WARN_SUSPICIOUS_MOVE = YES;
				CLANG_WARN_UNGUARDED_AVAILABILITY = YES_AGGRESSIVE;
				CLANG_WARN_UNREACHABLE_CODE = YES;
				CLANG_WARN__DUPLICATE_METHOD_MATCH = YES;
				CODE_SIGN_IDENTITY = "iPhone Developer";
				COPY_PHASE_STRIP = NO;
				DEBUG_INFORMATION_FORMAT = "dwarf-with-dsym";
				ENABLE_NS_ASSERTIONS = NO;
				ENABLE_STRICT_OBJC_MSGSEND = YES;
				GCC_C_LANGUAGE_STANDARD = gnu11;
				GCC_NO_COMMON_BLOCKS = YES;
				GCC_WARN_64_TO_32_BIT_CONVERSION = YES;
				GCC_WARN_ABOUT_RETURN_TYPE = YES_ERROR;
				GCC_WARN_UNDECLARED_SELECTOR = YES;
				GCC_WARN_UNINITIALIZED_AUTOS = YES_AGGRESSIVE;
				GCC_WARN_UNUSED_FUNCTION = YES;
				GCC_WARN_UNUSED_VARIABLE = YES;
				IPHONEOS_DEPLOYMENT_TARGET = 11.2;
				MTL_ENABLE_DEBUG_INFO = NO;
				SDKROOT = iphoneos;
				SWIFT_OPTIMIZATION_LEVEL = "-Owholemodule";
				VALIDATE_PRODUCT = YES;
			};
			name = Release;
		};
		848B0FA0200FA6AE00802326 /* Debug */ = {
			isa = XCBuildConfiguration;
			buildSettings = {
				ASSETCATALOG_COMPILER_APPICON_NAME = AppIcon;
				CODE_SIGN_STYLE = Automatic;
				DEVELOPMENT_TEAM = 3TVP64ZUPA;
				INFOPLIST_FILE = Animations/Info.plist;
				LD_RUNPATH_SEARCH_PATHS = "$(inherited) @executable_path/Frameworks";
				PRODUCT_BUNDLE_IDENTIFIER = com.ahmednader.Animations;
				PRODUCT_NAME = "$(TARGET_NAME)";
				SWIFT_VERSION = 4.0;
				TARGETED_DEVICE_FAMILY = "1,2";
			};
			name = Debug;
		};
		848B0FA1200FA6AE00802326 /* Release */ = {
			isa = XCBuildConfiguration;
			buildSettings = {
				ASSETCATALOG_COMPILER_APPICON_NAME = AppIcon;
				CODE_SIGN_STYLE = Automatic;
				DEVELOPMENT_TEAM = 3TVP64ZUPA;
				INFOPLIST_FILE = Animations/Info.plist;
				LD_RUNPATH_SEARCH_PATHS = "$(inherited) @executable_path/Frameworks";
				PRODUCT_BUNDLE_IDENTIFIER = com.ahmednader.Animations;
				PRODUCT_NAME = "$(TARGET_NAME)";
				SWIFT_VERSION = 4.0;
				TARGETED_DEVICE_FAMILY = "1,2";
			};
			name = Release;
		};
/* End XCBuildConfiguration section */

/* Begin XCConfigurationList section */
		848B0F86200FA6AD00802326 /* Build configuration list for PBXProject "Animations" */ = {
			isa = XCConfigurationList;
			buildConfigurations = (
				848B0F9D200FA6AE00802326 /* Debug */,
				848B0F9E200FA6AE00802326 /* Release */,
			);
			defaultConfigurationIsVisible = 0;
			defaultConfigurationName = Release;
		};
		848B0F9F200FA6AE00802326 /* Build configuration list for PBXNativeTarget "Animations" */ = {
			isa = XCConfigurationList;
			buildConfigurations = (
				848B0FA0200FA6AE00802326 /* Debug */,
				848B0FA1200FA6AE00802326 /* Release */,
			);
			defaultConfigurationIsVisible = 0;
			defaultConfigurationName = Release;
		};
/* End XCConfigurationList section */
	};
	rootObject = 848B0F83200FA6AD00802326 /* Project object */;
}
